{
  "requires": true,
  "lockfileVersion": 1,
  "dependencies": {
    "google-maps-react": {
      "version": "2.0.6",
      "resolved": "https://registry.npmjs.org/google-maps-react/-/google-maps-react-2.0.6.tgz",
      "integrity": "sha512-M8Eo9WndfQEfxcmm6yRq03qdJgw1x6rQmJ9DN+a+xPQ3K7yNDGkVDbinrf4/8vcox7nELbeopbm4bpefKewWfQ=="
    },
    "react-flexy-table": {
      "version": "1.1.1",
      "resolved": "https://registry.npmjs.org/react-flexy-table/-/react-flexy-table-1.1.1.tgz",
      "integrity": "sha512-4Ge8eTGvaCOtVbZp3fCDaeaYy+H3eWxiOAD6qJ9tPzoplS25lazESsmwwM462g1uq4/fluwWJM0sVF2uqyWbKg=="
    }
  }
}
